#MicroXplorer Configuration settings - do not modify
Mcu.Family=STM32F4
ProjectManager.MainLocation=Core/Src
VP_TIM5_VS_ClockSourceINT.Mode=Internal
ProjectManager.ProjectFileName=diansai_19-D.ioc
PH0-OSC_IN.Signal=RCC_OSC_IN
PE0.GPIO_ModeDefaultOutputPP=GPIO_MODE_OUTPUT_PP
SPI3.Direction=SPI_DIRECTION_2LINES
SPI3.VirtualType=VM_MASTER
TIM5.IPParameters=Prescaler,Period
PD3.PinState=GPIO_PIN_SET
ProjectManager.KeepUserCode=true
PA15.GPIOParameters=GPIO_Speed,PinState,GPIO_Label
Mcu.UserName=STM32F407ZGTx
Mcu.PinsNb=20
PD2.GPIO_PuPd=GPIO_PULLUP
ProjectManager.NoMain=false
VP_TIM5_VS_ClockSourceINT.Signal=TIM5_VS_ClockSourceINT
USART6.IPParameters=VirtualMode,BaudRate,Mode
PG9.Locked=true
USART1.BaudRate=921600
PG9.Signal=USART6_RX
PC10.Signal=SPI3_SCK
PC11.Signal=SPI3_MISO
PC12.Signal=SPI3_MOSI
PD3.Signal=GPIO_Output
PD3.GPIOParameters=GPIO_Speed,PinState,GPIO_PuPd,GPIO_ModeDefaultOutputPP
ProjectManager.functionlistsort=1-MX_GPIO_Init-GPIO-false-HAL-true,2-SystemClock_Config-RCC-false-HAL-false,3-MX_SPI3_Init-SPI3-false-HAL-true,4-MX_TIM3_Init-TIM3-false-HAL-true,5-MX_TIM4_Init-TIM4-false-HAL-true,6-MX_USART1_UART_Init-USART1-false-HAL-true,7-MX_USART6_UART_Init-USART6-false-HAL-true,8-MX_TIM5_Init-TIM5-false-HAL-true,9-MX_TIM2_Init-TIM2-false-HAL-true
PG9.Mode=Asynchronous
PC10.Mode=Full_Duplex_Master
PD2.GPIO_Speed=GPIO_SPEED_FREQ_MEDIUM
ProjectManager.DefaultFWLocation=true
PD5.Signal=GPIO_Output
PD2.Locked=true
PD4.Locked=true
PD2.GPIOParameters=GPIO_Speed,PinState,GPIO_PuPd
ProjectManager.DeletePrevious=true
USART1.IPParameters=VirtualMode,BaudRate
PD3.GPIO_Speed=GPIO_SPEED_FREQ_MEDIUM
PG14.Locked=true
PinOutPanel.RotationAngle=0
USART6.Mode=MODE_TX_RX
ProjectManager.StackSize=0x400
PE0.GPIO_Speed=GPIO_SPEED_FREQ_VERY_HIGH
Mcu.IP4=TIM2
PD4.PinState=GPIO_PIN_SET
Mcu.IP5=TIM3
NVIC.SVCall_IRQn=true\:0\:0\:false\:false\:true\:false\:false
Mcu.IP2=SPI3
Mcu.IP3=SYS
PD4.GPIO_PuPd=GPIO_PULLUP
PA15.GPIO_Label=SPI3_CS
Mcu.IP0=NVIC
PA15.Locked=true
PE0.PinState=GPIO_PIN_RESET
Mcu.IP1=RCC
Mcu.UserConstants=
VP_TIM4_VS_ClockSourceINT.Signal=TIM4_VS_ClockSourceINT
ProjectManager.TargetToolchain=STM32CubeIDE
TIM4.IPParameters=Prescaler,Period
NVIC.TIM5_IRQn=true\:2\:0\:true\:false\:true\:true\:true
Mcu.ThirdPartyNb=0
Mcu.IPNb=10
TIM2.IPParameters=Period
ProjectManager.PreviousToolchain=
PD4.Signal=GPIO_Output
TIM3.Period=2297
PB6.Signal=USART1_TX
PB6.Mode=Asynchronous
Mcu.Pin6=PD2
Mcu.Pin7=PD3
VP_TIM2_VS_ClockSourceINT.Signal=TIM2_VS_ClockSourceINT
ProjectManager.RegisterCallBack=
Mcu.Pin8=PD4
PE0.Locked=true
Mcu.Pin9=PD5
VP_TIM3_VS_ClockSourceINT.Signal=TIM3_VS_ClockSourceINT
TIM4.Prescaler=420
PD3.Locked=true
PH0-OSC_IN.Mode=HSE-External-Oscillator
Mcu.Pin0=PH0-OSC_IN
SPI3.DataSize=SPI_DATASIZE_16BIT
Mcu.Pin1=PH1-OSC_OUT
GPIO.groupedBy=Group By Peripherals
Mcu.Pin2=PA15
Mcu.Pin3=PC10
Mcu.Pin4=PC11
Mcu.Pin5=PC12
ProjectManager.ProjectBuild=false
PG14.Signal=USART6_TX
NVIC.UsageFault_IRQn=true\:0\:0\:false\:false\:true\:false\:false
PC12.Mode=Full_Duplex_Master
PD2.PinState=GPIO_PIN_SET
NVIC.DebugMonitor_IRQn=true\:0\:0\:false\:false\:true\:false\:false
board=custom
SPI3.CLKPhase=SPI_PHASE_2EDGE
NVIC.SysTick_IRQn=true\:0\:0\:false\:false\:true\:false\:true
ProjectManager.LastFirmware=true
NVIC.TIM3_IRQn=true\:3\:0\:true\:false\:true\:true\:true
PG14.Mode=Asynchronous
ProjectManager.FirmwarePackage=STM32Cube FW_F4 V1.26.1
PA15.PinState=GPIO_PIN_SET
MxDb.Version=DB.6.0.21
PE0.GPIOParameters=GPIO_Speed,PinState,GPIO_Label,GPIO_ModeDefaultOutputPP
SPI3.CalculateBaudRate=21.0 MBits/s
ProjectManager.BackupPrevious=false
MxCube.Version=6.2.1
VP_TIM2_VS_ClockSourceINT.Mode=Internal
PD4.GPIO_Speed=GPIO_SPEED_FREQ_MEDIUM
NVIC.TIM2_IRQn=true\:3\:0\:true\:false\:true\:true\:true
File.Version=6
PD4.GPIOParameters=GPIO_Speed,PinState,GPIO_PuPd
VP_SYS_VS_Systick.Mode=SysTick
TIM3.IPParameters=Period
PH1-OSC_OUT.Signal=RCC_OSC_OUT
PD5.GPIO_PuPd=GPIO_PULLUP
PB7.Signal=USART1_RX
NVIC.NonMaskableInt_IRQn=true\:0\:0\:false\:false\:true\:false\:false
PD5.PinState=GPIO_PIN_SET
PB6.Locked=true
NVIC.PendSV_IRQn=true\:0\:0\:false\:false\:true\:false\:false
TIM2.Period=8399
TIM4.Period=19999
ProjectManager.FreePins=false
ProjectManager.AskForMigrate=true
Mcu.Name=STM32F407Z(E-G)Tx
PE0.Signal=GPIO_Output
ProjectManager.HalAssertFull=false
ProjectManager.ProjectName=diansai_19-D
ProjectManager.UnderRoot=true
Mcu.IP8=USART1
Mcu.IP9=USART6
Mcu.IP6=TIM4
Mcu.IP7=TIM5
ProjectManager.CoupleFile=false
PH1-OSC_OUT.Mode=HSE-External-Oscillator
Mcu.Package=LQFP144
NVIC.ForceEnableDMAVector=true
SPI3.Mode=SPI_MODE_MASTER
KeepUserPlacement=false
TIM5.Prescaler=839
USART6.VirtualMode=VM_ASYNC
NVIC.MemoryManagement_IRQn=true\:0\:0\:false\:false\:true\:false\:false
PD5.GPIOParameters=GPIO_Speed,PinState,GPIO_PuPd
USART1.VirtualMode=VM_ASYNC
ProjectManager.CompilerOptimize=6
PA15.GPIO_Speed=GPIO_SPEED_FREQ_VERY_HIGH
ProjectManager.ToolChainLocation=
PB7.Mode=Asynchronous
VP_SYS_VS_Systick.Signal=SYS_VS_Systick
PA15.Signal=GPIO_Output
ProjectManager.HeapSize=0x200
Mcu.Pin15=VP_SYS_VS_Systick
NVIC.HardFault_IRQn=true\:0\:0\:false\:false\:true\:false\:false
USART6.BaudRate=921600
Mcu.Pin16=VP_TIM2_VS_ClockSourceINT
Mcu.Pin13=PB7
PC11.Mode=Full_Duplex_Master
Mcu.Pin14=PE0
Mcu.Pin19=VP_TIM5_VS_ClockSourceINT
PE0.GPIO_Label=Relay_In
ProjectManager.ComputerToolchain=false
PD3.GPIO_ModeDefaultOutputPP=GPIO_MODE_OUTPUT_PP
Mcu.Pin17=VP_TIM3_VS_ClockSourceINT
Mcu.Pin18=VP_TIM4_VS_ClockSourceINT
VP_TIM4_VS_ClockSourceINT.Mode=Internal
NVIC.PriorityGroup=NVIC_PRIORITYGROUP_4
Mcu.Pin11=PG14
Mcu.Pin12=PB6
Mcu.Pin10=PG9
PB7.Locked=true
NVIC.BusFault_IRQn=true\:0\:0\:false\:false\:true\:false\:false
TIM5.Period=999
PD5.GPIO_Speed=GPIO_SPEED_FREQ_MEDIUM
SPI3.IPParameters=VirtualType,Mode,Direction,CalculateBaudRate,DataSize,CLKPhase
PD3.GPIO_PuPd=GPIO_NOPULL
PD2.Signal=GPIO_Output
NVIC.USART1_IRQn=true\:0\:0\:true\:false\:true\:true\:true
NVIC.TIM4_IRQn=true\:2\:0\:true\:false\:true\:true\:true
PD5.Locked=true
ProjectManager.CustomerFirmwarePackage=
VP_TIM3_VS_ClockSourceINT.Mode=Internal
ProjectManager.DeviceId=STM32F407ZGTx
ProjectManager.LibraryCopy=1
isbadioc=false
