#MicroXplorer Configuration settings - do not modify
Mcu.Family=STM32F4
RCC.PLLSourceVirtual=RCC_PLLSOURCE_HSE
ProjectManager.MainLocation=Core/Src
Dma.TIM2_CH1.0.MemInc=DMA_MINC_ENABLE
VP_TIM5_VS_ClockSourceINT.Mode=Internal
ProjectManager.ProjectFileName=freq_test.ioc
PH0-OSC_IN.Signal=RCC_OSC_IN
RCC.CortexFreq_Value=168000000
TIM2.Channel-Input_Capture1_from_TI1=TIM_CHANNEL_1
TIM5.IPParameters=Channel-Input_Capture1_from_TI1,TIM_MasterSlaveMode
ProjectManager.KeepUserCode=true
Mcu.UserName=STM32F407ZGTx
Mcu.PinsNb=11
ProjectManager.NoMain=false
VP_TIM5_VS_ClockSourceINT.Signal=TIM5_VS_ClockSourceINT
VP_TIM2_VS_ControllerModeReset.Mode=Reset Mode
RCC.PLLCLKFreq_Value=168000000
RCC.PLLQCLKFreq_Value=84000000
ProjectManager.functionlistsort=1-MX_GPIO_Init-GPIO-false-HAL-true,2-MX_DMA_Init-DMA-false-HAL-true,3-SystemClock_Config-RCC-false-HAL-false,4-MX_TIM2_Init-TIM2-false-HAL-true,5-MX_TIM3_Init-TIM3-false-HAL-true
SH.S_TIM5_CH2.0=TIM5_CH2,TriggerSource_TI2FP2
RCC.RTCFreq_Value=32000
ProjectManager.DefaultFWLocation=true
Dma.TIM2_CH1.0.Instance=DMA1_Stream5
ProjectManager.DeletePrevious=true
RCC.APB1CLKDivider=RCC_HCLK_DIV4
SH.S_TIM2_CH1_ETR.ConfNb=2
PinOutPanel.RotationAngle=0
RCC.FamilyName=M
RCC.SYSCLKSource=RCC_SYSCLKSOURCE_PLLCLK
ProjectManager.StackSize=0x400
PA0-WKUP.Signal=S_TIM5_CH1
Mcu.IP4=TIM2
RCC.FCLKCortexFreq_Value=168000000
Mcu.IP5=TIM3
NVIC.SVCall_IRQn=true\:0\:0\:false\:false\:true\:false\:false
Mcu.IP2=RCC
Mcu.IP3=SYS
Mcu.IP0=DMA
Mcu.IP1=NVIC
Mcu.UserConstants=
ProjectManager.TargetToolchain=STM32CubeIDE
Mcu.ThirdPartyNb=0
RCC.HCLKFreq_Value=168000000
Mcu.IPNb=7
RCC.I2SClocksFreq_Value=192000000
TIM2.IPParameters=Channel-Input_Capture1_from_TI1,TIM_MasterSlaveMode
ProjectManager.PreviousToolchain=
RCC.APB2TimFreq_Value=168000000
TIM3.Period=8399
RCC.VcooutputI2S=192000000
Mcu.Pin6=VP_TIM2_VS_ControllerModeReset
TIM5.TIM_MasterSlaveMode=TIM_MASTERSLAVEMODE_ENABLE
Mcu.Pin7=VP_TIM2_VS_ClockSourceINT
VP_TIM2_VS_ClockSourceINT.Signal=TIM2_VS_ClockSourceINT
ProjectManager.RegisterCallBack=
Mcu.Pin8=VP_TIM3_VS_ClockSourceINT
Mcu.Pin9=VP_TIM5_VS_ControllerModeReset
VP_TIM3_VS_ClockSourceINT.Signal=TIM3_VS_ClockSourceINT
VP_TIM5_VS_ControllerModeReset.Signal=TIM5_VS_ControllerModeReset
RCC.LSE_VALUE=32768
PA1.Signal=S_TIM5_CH2
RCC.AHBFreq_Value=168000000
PH0-OSC_IN.Mode=HSE-External-Oscillator
Mcu.Pin0=PH0-OSC_IN
Mcu.Pin1=PH1-OSC_OUT
Mcu.Pin2=PA0-WKUP
Mcu.Pin3=PA1
Mcu.Pin4=PA5
RCC.VCOI2SOutputFreq_Value=384000000
Mcu.Pin5=VP_SYS_VS_Systick
PA5.Signal=S_TIM2_CH1_ETR
ProjectManager.ProjectBuild=false
RCC.HSE_VALUE=8000000
NVIC.UsageFault_IRQn=true\:0\:0\:false\:false\:true\:false\:false
NVIC.DebugMonitor_IRQn=true\:0\:0\:false\:false\:true\:false\:false
board=custom
RCC.VCOOutputFreq_Value=336000000
NVIC.SysTick_IRQn=true\:0\:0\:false\:false\:true\:false\:true
ProjectManager.LastFirmware=true
NVIC.TIM3_IRQn=true\:0\:0\:false\:false\:true\:true\:true
ProjectManager.FirmwarePackage=STM32Cube FW_F4 V1.26.1
MxDb.Version=DB.6.0.21
RCC.APB2Freq_Value=84000000
VP_TIM5_VS_ControllerModeReset.Mode=Reset Mode
ProjectManager.BackupPrevious=false
Dma.TIM2_CH1.0.Priority=DMA_PRIORITY_LOW
MxCube.Version=6.2.1
RCC.VCOInputFreq_Value=2000000
VP_TIM2_VS_ClockSourceINT.Mode=Internal
Dma.TIM2_CH1.0.RequestParameters=Instance,Direction,PeriphInc,MemInc,PeriphDataAlignment,MemDataAlignment,Mode,Priority,FIFOMode
TIM3.Prescaler=9999
File.Version=6
VP_SYS_VS_Systick.Mode=SysTick
RCC.EthernetFreq_Value=168000000
TIM3.IPParameters=Period,Prescaler
PH1-OSC_OUT.Signal=RCC_OSC_OUT
NVIC.NonMaskableInt_IRQn=true\:0\:0\:false\:false\:true\:false\:false
NVIC.PendSV_IRQn=true\:0\:0\:false\:false\:true\:false\:false
SH.S_TIM5_CH2.ConfNb=1
ProjectManager.FreePins=false
RCC.IPParameters=48MHZClocksFreq_Value,AHBFreq_Value,APB1CLKDivider,APB1Freq_Value,APB1TimFreq_Value,APB2CLKDivider,APB2Freq_Value,APB2TimFreq_Value,CortexFreq_Value,EthernetFreq_Value,FCLKCortexFreq_Value,FamilyName,HCLKFreq_Value,HSE_VALUE,HSI_VALUE,I2SClocksFreq_Value,LSE_VALUE,LSI_VALUE,MCO2PinFreq_Value,PLLCLKFreq_Value,PLLM,PLLN,PLLQCLKFreq_Value,PLLSourceVirtual,RTCFreq_Value,RTCHSEDivFreq_Value,SYSCLKFreq_VALUE,SYSCLKSource,VCOI2SOutputFreq_Value,VCOInputFreq_Value,VCOOutputFreq_Value,VcooutputI2S
TIM5.Channel-Input_Capture1_from_TI1=TIM_CHANNEL_1
ProjectManager.AskForMigrate=true
Mcu.Name=STM32F407Z(E-G)Tx
Dma.RequestsNb=1
ProjectManager.HalAssertFull=false
RCC.RTCHSEDivFreq_Value=4000000
ProjectManager.ProjectName=freq_test
ProjectManager.UnderRoot=true
Mcu.IP6=TIM5
ProjectManager.CoupleFile=false
PH1-OSC_OUT.Mode=HSE-External-Oscillator
RCC.48MHZClocksFreq_Value=84000000
RCC.MCO2PinFreq_Value=168000000
RCC.SYSCLKFreq_VALUE=168000000
Mcu.Package=LQFP144
Dma.TIM2_CH1.0.Mode=DMA_CIRCULAR
Dma.TIM2_CH1.0.FIFOMode=DMA_FIFOMODE_DISABLE
NVIC.ForceEnableDMAVector=false
KeepUserPlacement=false
NVIC.MemoryManagement_IRQn=true\:0\:0\:false\:false\:true\:false\:false
ProjectManager.CompilerOptimize=6
ProjectManager.ToolChainLocation=
RCC.LSI_VALUE=32000
SH.S_TIM2_CH1_ETR.1=TIM2_CH1,Input_Capture1_from_TI1
VP_SYS_VS_Systick.Signal=SYS_VS_Systick
Dma.TIM2_CH1.0.MemDataAlignment=DMA_MDATAALIGN_WORD
SH.S_TIM2_CH1_ETR.0=TIM2_CH1,TriggerSource_TI1FP1
ProjectManager.HeapSize=0x200
NVIC.HardFault_IRQn=true\:0\:0\:false\:false\:true\:false\:false
ProjectManager.ComputerToolchain=false
Dma.TIM2_CH1.0.PeriphDataAlignment=DMA_PDATAALIGN_WORD
RCC.HSI_VALUE=16000000
NVIC.PriorityGroup=NVIC_PRIORITYGROUP_4
RCC.APB2CLKDivider=RCC_HCLK_DIV2
RCC.PLLM=4
RCC.PLLN=168
Mcu.Pin10=VP_TIM5_VS_ClockSourceINT
TIM2.TIM_MasterSlaveMode=TIM_MASTERSLAVEMODE_ENABLE
RCC.APB1TimFreq_Value=84000000
VP_TIM2_VS_ControllerModeReset.Signal=TIM2_VS_ControllerModeReset
NVIC.BusFault_IRQn=true\:0\:0\:false\:false\:true\:false\:false
SH.S_TIM5_CH1.0=TIM5_CH1,Input_Capture1_from_TI1
RCC.APB1Freq_Value=42000000
Dma.Request0=TIM2_CH1
Dma.TIM2_CH1.0.Direction=DMA_PERIPH_TO_MEMORY
Dma.TIM2_CH1.0.PeriphInc=DMA_PINC_DISABLE
ProjectManager.CustomerFirmwarePackage=
VP_TIM3_VS_ClockSourceINT.Mode=Internal
ProjectManager.DeviceId=STM32F407ZGTx
ProjectManager.LibraryCopy=1
SH.S_TIM5_CH1.ConfNb=1
isbadioc=false
